// !$*UTF8*$!
{
	archiveVersion = 1;
	classes = {
	};
	objectVersion = 77;
	objects = {

/* Begin PBXBuildFile section */
		36B092842E2A777D00D7DD4C /* FirebaseAnalyticsCore in Frameworks */ = {isa = PBXBuildFile; productRef = 36B092832E2A777D00D7DD4C /* FirebaseAnalyticsCore */; };
		36B092862E2A777D00D7DD4C /* FirebaseCore in Frameworks */ = {isa = PBXBuildFile; productRef = 36B092852E2A777D00D7DD4C /* FirebaseCore */; };
		36B092882E2A777D00D7DD4C /* FirebaseDatabase in Frameworks */ = {isa = PBXBuildFile; productRef = 36B092872E2A777D00D7DD4C /* FirebaseDatabase */; };
		36B0928A2E2A777D00D7DD4C /* FirebaseFirestore in Frameworks */ = {isa = PBXBuildFile; productRef = 36B092892E2A777D00D7DD4C /* FirebaseFirestore */; };
		36B0928C2E2A777D00D7DD4C /* FirebaseStorage in Frameworks */ = {isa = PBXBuildFile; productRef = 36B0928B2E2A777D00D7DD4C /* FirebaseStorage */; };
		36B0928E2E2A788100D7DD4C /* FirebaseAuth in Frameworks */ = {isa = PBXBuildFile; productRef = 36B0928D2E2A788100D7DD4C /* FirebaseAuth */; };
/* End PBXBuildFile section */

/* Begin PBXContainerItemProxy section */
		36B092462E2A6ADC00D7DD4C /* PBXContainerItemProxy */ = {
			isa = PBXContainerItemProxy;
			containerPortal = 36B0922D2E2A6AD100D7DD4C /* Project object */;
			proxyType = 1;
			remoteGlobalIDString = 36B092342E2A6AD100D7DD4C;
			remoteInfo = AfekaFinal;
		};
		36B092502E2A6ADC00D7DD4C /* PBXContainerItemProxy */ = {
			isa = PBXContainerItemProxy;
			containerPortal = 36B0922D2E2A6AD100D7DD4C /* Project object */;
			proxyType = 1;
			remoteGlobalIDString = 36B092342E2A6AD100D7DD4C;
			remoteInfo = AfekaFinal;
		};
/* End PBXContainerItemProxy section */

/* Begin PBXFileReference section */
		36B092352E2A6AD100D7DD4C /* AfekaFinal.app */ = {isa = PBXFileReference; explicitFileType = wrapper.application; includeInIndex = 0; path = AfekaFinal.app; sourceTree = BUILT_PRODUCTS_DIR; };
		36B092452E2A6ADC00D7DD4C /* AfekaFinalTests.xctest */ = {isa = PBXFileReference; explicitFileType = wrapper.cfbundle; includeInIndex = 0; path = AfekaFinalTests.xctest; sourceTree = BUILT_PRODUCTS_DIR; };
		36B0924F2E2A6ADC00D7DD4C /* AfekaFinalUITests.xctest */ = {isa = PBXFileReference; explicitFileType = wrapper.cfbundle; includeInIndex = 0; path = AfekaFinalUITests.xctest; sourceTree = BUILT_PRODUCTS_DIR; };
/* End PBXFileReference section */

/* Begin PBXFileSystemSynchronizedRootGroup section */
		36B092372E2A6AD100D7DD4C /* AfekaFinal */ = {
			isa = PBXFileSystemSynchronizedRootGroup;
			path = AfekaFinal;
			sourceTree = "<group>";
		};
		36B092482E2A6ADC00D7DD4C /* AfekaFinalTests */ = {
			isa = PBXFileSystemSynchronizedRootGroup;
			path = AfekaFinalTests;
			sourceTree = "<group>";
		};
		36B092522E2A6ADC00D7DD4C /* AfekaFinalUITests */ = {
			isa = PBXFileSystemSynchronizedRootGroup;
			path = AfekaFinalUITests;
			sourceTree = "<group>";
		};
/* End PBXFileSystemSynchronizedRootGroup section */

/* Begin PBXFrameworksBuildPhase section */
		36B092322E2A6AD100D7DD4C /* Frameworks */ = {
			isa = PBXFrameworksBuildPhase;
			buildActionMask = 2147483647;
			files = (
				36B092882E2A777D00D7DD4C /* FirebaseDatabase in Frameworks */,
				36B0928E2E2A788100D7DD4C /* FirebaseAuth in Frameworks */,
				36B0928A2E2A777D00D7DD4C /* FirebaseFirestore in Frameworks */,
				36B092862E2A777D00D7DD4C /* FirebaseCore in Frameworks */,
				36B0928C2E2A777D00D7DD4C /* FirebaseStorage in Frameworks */,
				36B092842E2A777D00D7DD4C /* FirebaseAnalyticsCore in Frameworks */,
			);
			runOnlyForDeploymentPostprocessing = 0;
		};
		36B092422E2A6ADC00D7DD4C /* Frameworks */ = {
			isa = PBXFrameworksBuildPhase;
			buildActionMask = 2147483647;
			files = (
			);
			runOnlyForDeploymentPostprocessing = 0;
		};
		36B0924C2E2A6ADC00D7DD4C /* Frameworks */ = {
			isa = PBXFrameworksBuildPhase;
			buildActionMask = 2147483647;
			files = (
			);
			runOnlyForDeploymentPostprocessing = 0;
		};
/* End PBXFrameworksBuildPhase section */

/* Begin PBXGroup section */
		36B0922C2E2A6AD100D7DD4C = {
			isa = PBXGroup;
			children = (
				36B092372E2A6AD100D7DD4C /* AfekaFinal */,
				36B092482E2A6ADC00D7DD4C /* AfekaFinalTests */,
				36B092522E2A6ADC00D7DD4C /* AfekaFinalUITests */,
				36B092362E2A6AD100D7DD4C /* Products */,
			);
			sourceTree = "<group>";
		};
		36B092362E2A6AD100D7DD4C /* Products */ = {
			isa = PBXGroup;
			children = (
				36B092352E2A6AD100D7DD4C /* AfekaFinal.app */,
				36B092452E2A6ADC00D7DD4C /* AfekaFinalTests.xctest */,
				36B0924F2E2A6ADC00D7DD4C /* AfekaFinalUITests.xctest */,
			);
			name = Products;
			sourceTree = "<group>";
		};
/* End PBXGroup section */

/* Begin PBXNativeTarget section */
		36B092342E2A6AD100D7DD4C /* AfekaFinal */ = {
			isa = PBXNativeTarget;
			buildConfigurationList = 36B092592E2A6ADC00D7DD4C /* Build configuration list for PBXNativeTarget "AfekaFinal" */;
			buildPhases = (
				36B092312E2A6AD100D7DD4C /* Sources */,
				36B092322E2A6AD100D7DD4C /* Frameworks */,
				36B092332E2A6AD100D7DD4C /* Resources */,
			);
			buildRules = (
			);
			dependencies = (
			);
			fileSystemSynchronizedGroups = (
				36B092372E2A6AD100D7DD4C /* AfekaFinal */,
			);
			name = AfekaFinal;
			packageProductDependencies = (
				36B092832E2A777D00D7DD4C /* FirebaseAnalyticsCore */,
				36B092852E2A777D00D7DD4C /* FirebaseCore */,
				36B092872E2A777D00D7DD4C /* FirebaseDatabase */,
				36B092892E2A777D00D7DD4C /* FirebaseFirestore */,
				36B0928B2E2A777D00D7DD4C /* FirebaseStorage */,
				36B0928D2E2A788100D7DD4C /* FirebaseAuth */,
			);
			productName = AfekaFinal;
			productReference = 36B092352E2A6AD100D7DD4C /* AfekaFinal.app */;
			productType = "com.apple.product-type.application";
		};
		36B092442E2A6ADC00D7DD4C /* AfekaFinalTests */ = {
			isa = PBXNativeTarget;
			buildConfigurationList = 36B0925C2E2A6ADC00D7DD4C /* Build configuration list for PBXNativeTarget "AfekaFinalTests" */;
			buildPhases = (
				36B092412E2A6ADC00D7DD4C /* Sources */,
				36B092422E2A6ADC00D7DD4C /* Frameworks */,
				36B092432E2A6ADC00D7DD4C /* Resources */,
			);
			buildRules = (
			);
			dependencies = (
				36B092472E2A6ADC00D7DD4C /* PBXTargetDependency */,
			);
			fileSystemSynchronizedGroups = (
				36B092482E2A6ADC00D7DD4C /* AfekaFinalTests */,
			);
			name = AfekaFinalTests;
			packageProductDependencies = (
			);
			productName = AfekaFinalTests;
			productReference = 36B092452E2A6ADC00D7DD4C /* AfekaFinalTests.xctest */;
			productType = "com.apple.product-type.bundle.unit-test";
		};
		36B0924E2E2A6ADC00D7DD4C /* AfekaFinalUITests */ = {
			isa = PBXNativeTarget;
			buildConfigurationList = 36B0925F2E2A6ADC00D7DD4C /* Build configuration list for PBXNativeTarget "AfekaFinalUITests" */;
			buildPhases = (
				36B0924B2E2A6ADC00D7DD4C /* Sources */,
				36B0924C2E2A6ADC00D7DD4C /* Frameworks */,
				36B0924D2E2A6ADC00D7DD4C /* Resources */,
			);
			buildRules = (
			);
			dependencies = (
				36B092512E2A6ADC00D7DD4C /* PBXTargetDependency */,
			);
			fileSystemSynchronizedGroups = (
				36B092522E2A6ADC00D7DD4C /* AfekaFinalUITests */,
			);
			name = AfekaFinalUITests;
			packageProductDependencies = (
			);
			productName = AfekaFinalUITests;
			productReference = 36B0924F2E2A6ADC00D7DD4C /* AfekaFinalUITests.xctest */;
			productType = "com.apple.product-type.bundle.ui-testing";
		};
/* End PBXNativeTarget section */

/* Begin PBXProject section */
		36B0922D2E2A6AD100D7DD4C /* Project object */ = {
			isa = PBXProject;
			attributes = {
				BuildIndependentTargetsInParallel = 1;
				LastSwiftUpdateCheck = 1620;
				LastUpgradeCheck = 1620;
				TargetAttributes = {
					36B092342E2A6AD100D7DD4C = {
						CreatedOnToolsVersion = 16.2;
					};
					36B092442E2A6ADC00D7DD4C = {
						CreatedOnToolsVersion = 16.2;
						TestTargetID = 36B092342E2A6AD100D7DD4C;
					};
					36B0924E2E2A6ADC00D7DD4C = {
						CreatedOnToolsVersion = 16.2;
						TestTargetID = 36B092342E2A6AD100D7DD4C;
					};
				};
			};
			buildConfigurationList = 36B092302E2A6AD100D7DD4C /* Build configuration list for PBXProject "AfekaFinal" */;
			developmentRegion = en;
			hasScannedForEncodings = 0;
			knownRegions = (
				en,
				Base,
			);
			mainGroup = 36B0922C2E2A6AD100D7DD4C;
			minimizedProjectReferenceProxies = 1;
			packageReferences = (
				36B092822E2A76D300D7DD4C /* XCRemoteSwiftPackageReference "firebase-ios-sdk" */,
			);
			preferredProjectObjectVersion = 77;
			productRefGroup = 36B092362E2A6AD100D7DD4C /* Products */;
			projectDirPath = "";
			projectRoot = "";
			targets = (
				36B092342E2A6AD100D7DD4C /* AfekaFinal */,
				36B092442E2A6ADC00D7DD4C /* AfekaFinalTests */,
				36B0924E2E2A6ADC00D7DD4C /* AfekaFinalUITests */,
			);
		};
/* End PBXProject section */

/* Begin PBXResourcesBuildPhase section */
		36B092332E2A6AD100D7DD4C /* Resources */ = {
			isa = PBXResourcesBuildPhase;
			buildActionMask = 2147483647;
			files = (
			);
			runOnlyForDeploymentPostprocessing = 0;
		};
		36B092432E2A6ADC00D7DD4C /* Resources */ = {
			isa = PBXResourcesBuildPhase;
			buildActionMask = 2147483647;
			files = (
			);
			runOnlyForDeploymentPostprocessing = 0;
		};
		36B0924D2E2A6ADC00D7DD4C /* Resources */ = {
			isa = PBXResourcesBuildPhase;
			buildActionMask = 2147483647;
			files = (
			);
			runOnlyForDeploymentPostprocessing = 0;
		};
/* End PBXResourcesBuildPhase section */

/* Begin PBXSourcesBuildPhase section */
		36B092312E2A6AD100D7DD4C /* Sources */ = {
			isa = PBXSourcesBuildPhase;
			buildActionMask = 2147483647;
			files = (
			);
			runOnlyForDeploymentPostprocessing = 0;
		};
		36B092412E2A6ADC00D7DD4C /* Sources */ = {
			isa = PBXSourcesBuildPhase;
			buildActionMask = 2147483647;
			files = (
			);
			runOnlyForDeploymentPostprocessing = 0;
		};
		36B0924B2E2A6ADC00D7DD4C /* Sources */ = {
			isa = PBXSourcesBuildPhase;
			buildActionMask = 2147483647;
			files = (
			);
			runOnlyForDeploymentPostprocessing = 0;
		};
/* End PBXSourcesBuildPhase section */

/* Begin PBXTargetDependency section */
		36B092472E2A6ADC00D7DD4C /* PBXTargetDependency */ = {
			isa = PBXTargetDependency;
			target = 36B092342E2A6AD100D7DD4C /* AfekaFinal */;
			targetProxy = 36B092462E2A6ADC00D7DD4C /* PBXContainerItemProxy */;
		};
		36B092512E2A6ADC00D7DD4C /* PBXTargetDependency */ = {
			isa = PBXTargetDependency;
			target = 36B092342E2A6AD100D7DD4C /* AfekaFinal */;
			targetProxy = 36B092502E2A6ADC00D7DD4C /* PBXContainerItemProxy */;
		};
/* End PBXTargetDependency section */

/* Begin XCBuildConfiguration section */
		36B092572E2A6ADC00D7DD4C /* Debug */ = {
			isa = XCBuildConfiguration;
			buildSettings = {
				ALWAYS_SEARCH_USER_PATHS = NO;
				ASSETCATALOG_COMPILER_GENERATE_SWIFT_ASSET_SYMBOL_EXTENSIONS = YES;
				CLANG_ANALYZER_NONNULL = YES;
				CLANG_ANALYZER_NUMBER_OBJECT_CONVERSION = YES_AGGRESSIVE;
				CLANG_CXX_LANGUAGE_STANDARD = "gnu++20";
				CLANG_ENABLE_MODULES = YES;
				CLANG_ENABLE_OBJC_ARC = YES;
				CLANG_ENABLE_OBJC_WEAK = YES;
				CLANG_WARN_BLOCK_CAPTURE_AUTORELEASING = YES;
				CLANG_WARN_BOOL_CONVERSION = YES;
				CLANG_WARN_COMMA = YES;
				CLANG_WARN_CONSTANT_CONVERSION = YES;
				CLANG_WARN_DEPRECATED_OBJC_IMPLEMENTATIONS = YES;
				CLANG_WARN_DIRECT_OBJC_ISA_USAGE = YES_ERROR;
				CLANG_WARN_DOCUMENTATION_COMMENTS = YES;
				CLANG_WARN_EMPTY_BODY = YES;
				CLANG_WARN_ENUM_CONVERSION = YES;
				CLANG_WARN_INFINITE_RECURSION = YES;
				CLANG_WARN_INT_CONVERSION = YES;
				CLANG_WARN_NON_LITERAL_NULL_CONVERSION = YES;
				CLANG_WARN_OBJC_IMPLICIT_RETAIN_SELF = YES;
				CLANG_WARN_OBJC_LITERAL_CONVERSION = YES;
				CLANG_WARN_OBJC_ROOT_CLASS = YES_ERROR;
				CLANG_WARN_QUOTED_INCLUDE_IN_FRAMEWORK_HEADER = YES;
				CLANG_WARN_RANGE_LOOP_ANALYSIS = YES;
				CLANG_WARN_STRICT_PROTOTYPES = YES;
				CLANG_WARN_SUSPICIOUS_MOVE = YES;
				CLANG_WARN_UNGUARDED_AVAILABILITY = YES_AGGRESSIVE;
				CLANG_WARN_UNREACHABLE_CODE = YES;
				CLANG_WARN__DUPLICATE_METHOD_MATCH = YES;
				COPY_PHASE_STRIP = NO;
				DEBUG_INFORMATION_FORMAT = dwarf;
				ENABLE_STRICT_OBJC_MSGSEND = YES;
				ENABLE_TESTABILITY = YES;
				ENABLE_USER_SCRIPT_SANDBOXING = YES;
				GCC_C_LANGUAGE_STANDARD = gnu17;
				GCC_DYNAMIC_NO_PIC = NO;
				GCC_NO_COMMON_BLOCKS = YES;
				GCC_OPTIMIZATION_LEVEL = 0;
				GCC_PREPROCESSOR_DEFINITIONS = (
					"DEBUG=1",
					"$(inherited)",
				);
				GCC_WARN_64_TO_32_BIT_CONVERSION = YES;
				GCC_WARN_ABOUT_RETURN_TYPE = YES_ERROR;
				GCC_WARN_UNDECLARED_SELECTOR = YES;
				GCC_WARN_UNINITIALIZED_AUTOS = YES_AGGRESSIVE;
				GCC_WARN_UNUSED_FUNCTION = YES;
				GCC_WARN_UNUSED_VARIABLE = YES;
				IPHONEOS_DEPLOYMENT_TARGET = 18.2;
				LOCALIZATION_PREFERS_STRING_CATALOGS = YES;
				MTL_ENABLE_DEBUG_INFO = INCLUDE_SOURCE;
				MTL_FAST_MATH = YES;
				ONLY_ACTIVE_ARCH = YES;
				SDKROOT = iphoneos;
				SWIFT_ACTIVE_COMPILATION_CONDITIONS = "DEBUG $(inherited)";
				SWIFT_OPTIMIZATION_LEVEL = "-Onone";
			};
			name = Debug;
		};
		36B092582E2A6ADC00D7DD4C /* Release */ = {
			isa = XCBuildConfiguration;
			buildSettings = {
				ALWAYS_SEARCH_USER_PATHS = NO;
				ASSETCATALOG_COMPILER_GENERATE_SWIFT_ASSET_SYMBOL_EXTENSIONS = YES;
				CLANG_ANALYZER_NONNULL = YES;
				CLANG_ANALYZER_NUMBER_OBJECT_CONVERSION = YES_AGGRESSIVE;
				CLANG_CXX_LANGUAGE_STANDARD = "gnu++20";
				CLANG_ENABLE_MODULES = YES;
				CLANG_ENABLE_OBJC_ARC = YES;
				CLANG_ENABLE_OBJC_WEAK = YES;
				CLANG_WARN_BLOCK_CAPTURE_AUTORELEASING = YES;
				CLANG_WARN_BOOL_CONVERSION = YES;
				CLANG_WARN_COMMA = YES;
				CLANG_WARN_CONSTANT_CONVERSION = YES;
				CLANG_WARN_DEPRECATED_OBJC_IMPLEMENTATIONS = YES;
				CLANG_WARN_DIRECT_OBJC_ISA_USAGE = YES_ERROR;
				CLANG_WARN_DOCUMENTATION_COMMENTS = YES;
				CLANG_WARN_EMPTY_BODY = YES;
				CLANG_WARN_ENUM_CONVERSION = YES;
				CLANG_WARN_INFINITE_RECURSION = YES;
				CLANG_WARN_INT_CONVERSION = YES;
				CLANG_WARN_NON_LITERAL_NULL_CONVERSION = YES;
				CLANG_WARN_OBJC_IMPLICIT_RETAIN_SELF = YES;
				CLANG_WARN_OBJC_LITERAL_CONVERSION = YES;
				CLANG_WARN_OBJC_ROOT_CLASS = YES_ERROR;
				CLANG_WARN_QUOTED_INCLUDE_IN_FRAMEWORK_HEADER = YES;
				CLANG_WARN_RANGE_LOOP_ANALYSIS = YES;
				CLANG_WARN_STRICT_PROTOTYPES = YES;
				CLANG_WARN_SUSPICIOUS_MOVE = YES;
				CLANG_WARN_UNGUARDED_AVAILABILITY = YES_AGGRESSIVE;
				CLANG_WARN_UNREACHABLE_CODE = YES;
				CLANG_WARN__DUPLICATE_METHOD_MATCH = YES;
				COPY_PHASE_STRIP = NO;
				DEBUG_INFORMATION_FORMAT = "dwarf-with-dsym";
				ENABLE_NS_ASSERTIONS = NO;
				ENABLE_STRICT_OBJC_MSGSEND = YES;
				ENABLE_USER_SCRIPT_SANDBOXING = YES;
				GCC_C_LANGUAGE_STANDARD = gnu17;
				GCC_NO_COMMON_BLOCKS = YES;
				GCC_WARN_64_TO_32_BIT_CONVERSION = YES;
				GCC_WARN_ABOUT_RETURN_TYPE = YES_ERROR;
				GCC_WARN_UNDECLARED_SELECTOR = YES;
				GCC_WARN_UNINITIALIZED_AUTOS = YES_AGGRESSIVE;
				GCC_WARN_UNUSED_FUNCTION = YES;
				GCC_WARN_UNUSED_VARIABLE = YES;
				IPHONEOS_DEPLOYMENT_TARGET = 18.2;
				LOCALIZATION_PREFERS_STRING_CATALOGS = YES;
				MTL_ENABLE_DEBUG_INFO = NO;
				MTL_FAST_MATH = YES;
				SDKROOT = iphoneos;
				SWIFT_COMPILATION_MODE = wholemodule;
				VALIDATE_PRODUCT = YES;
			};
			name = Release;
		};
		36B0925A2E2A6ADC00D7DD4C /* Debug */ = {
			isa = XCBuildConfiguration;
			buildSettings = {
				ASSETCATALOG_COMPILER_APPICON_NAME = AppIcon;
				ASSETCATALOG_COMPILER_GLOBAL_ACCENT_COLOR_NAME = AccentColor;
				CODE_SIGN_STYLE = Automatic;
				CURRENT_PROJECT_VERSION = 1;
				DEVELOPMENT_ASSET_PATHS = "\"AfekaFinal/Preview Content\"";
				ENABLE_PREVIEWS = YES;
				GENERATE_INFOPLIST_FILE = YES;
				INFOPLIST_KEY_UIApplicationSceneManifest_Generation = YES;
				INFOPLIST_KEY_UIApplicationSupportsIndirectInputEvents = YES;
				INFOPLIST_KEY_UILaunchScreen_Generation = YES;
				INFOPLIST_KEY_UISupportedInterfaceOrientations_iPad = "UIInterfaceOrientationPortrait UIInterfaceOrientationPortraitUpsideDown UIInterfaceOrientationLandscapeLeft UIInterfaceOrientationLandscapeRight";
				INFOPLIST_KEY_UISupportedInterfaceOrientations_iPhone = "UIInterfaceOrientationPortrait UIInterfaceOrientationLandscapeLeft UIInterfaceOrientationLandscapeRight";
				LD_RUNPATH_SEARCH_PATHS = (
					"$(inherited)",
					"@executable_path/Frameworks",
				);
				MARKETING_VERSION = 1.0;
				PRODUCT_BUNDLE_IDENTIFIER = com.test.proj.AfekaFinal;
				PRODUCT_NAME = "$(TARGET_NAME)";
				SWIFT_EMIT_LOC_STRINGS = YES;
				SWIFT_VERSION = 5.0;
				TARGETED_DEVICE_FAMILY = "1,2";
			};
			name = Debug;
		};
		36B0925B2E2A6ADC00D7DD4C /* Release */ = {
			isa = XCBuildConfiguration;
			buildSettings = {
				ASSETCATALOG_COMPILER_APPICON_NAME = AppIcon;
				ASSETCATALOG_COMPILER_GLOBAL_ACCENT_COLOR_NAME = AccentColor;
				CODE_SIGN_STYLE = Automatic;
				CURRENT_PROJECT_VERSION = 1;
				DEVELOPMENT_ASSET_PATHS = "\"AfekaFinal/Preview Content\"";
				ENABLE_PREVIEWS = YES;
				GENERATE_INFOPLIST_FILE = YES;
				INFOPLIST_KEY_UIApplicationSceneManifest_Generation = YES;
				INFOPLIST_KEY_UIApplicationSupportsIndirectInputEvents = YES;
				INFOPLIST_KEY_UILaunchScreen_Generation = YES;
				INFOPLIST_KEY_UISupportedInterfaceOrientations_iPad = "UIInterfaceOrientationPortrait UIInterfaceOrientationPortraitUpsideDown UIInterfaceOrientationLandscapeLeft UIInterfaceOrientationLandscapeRight";
				INFOPLIST_KEY_UISupportedInterfaceOrientations_iPhone = "UIInterfaceOrientationPortrait UIInterfaceOrientationLandscapeLeft UIInterfaceOrientationLandscapeRight";
				LD_RUNPATH_SEARCH_PATHS = (
					"$(inherited)",
					"@executable_path/Frameworks",
				);
				MARKETING_VERSION = 1.0;
				PRODUCT_BUNDLE_IDENTIFIER = com.test.proj.AfekaFinal;
				PRODUCT_NAME = "$(TARGET_NAME)";
				SWIFT_EMIT_LOC_STRINGS = YES;
				SWIFT_VERSION = 5.0;
				TARGETED_DEVICE_FAMILY = "1,2";
			};
			name = Release;
		};
		36B0925D2E2A6ADC00D7DD4C /* Debug */ = {
			isa = XCBuildConfiguration;
			buildSettings = {
				BUNDLE_LOADER = "$(TEST_HOST)";
				CODE_SIGN_STYLE = Automatic;
				CURRENT_PROJECT_VERSION = 1;
				GENERATE_INFOPLIST_FILE = YES;
				IPHONEOS_DEPLOYMENT_TARGET = 18.2;
				MARKETING_VERSION = 1.0;
				PRODUCT_BUNDLE_IDENTIFIER = com.test.proj.AfekaFinalTests;
				PRODUCT_NAME = "$(TARGET_NAME)";
				SWIFT_EMIT_LOC_STRINGS = NO;
				SWIFT_VERSION = 5.0;
				TARGETED_DEVICE_FAMILY = "1,2";
				TEST_HOST = "$(BUILT_PRODUCTS_DIR)/AfekaFinal.app/$(BUNDLE_EXECUTABLE_FOLDER_PATH)/AfekaFinal";
			};
			name = Debug;
		};
		36B0925E2E2A6ADC00D7DD4C /* Release */ = {
			isa = XCBuildConfiguration;
			buildSettings = {
				BUNDLE_LOADER = "$(TEST_HOST)";
				CODE_SIGN_STYLE = Automatic;
				CURRENT_PROJECT_VERSION = 1;
				GENERATE_INFOPLIST_FILE = YES;
				IPHONEOS_DEPLOYMENT_TARGET = 18.2;
				MARKETING_VERSION = 1.0;
				PRODUCT_BUNDLE_IDENTIFIER = com.test.proj.AfekaFinalTests;
				PRODUCT_NAME = "$(TARGET_NAME)";
				SWIFT_EMIT_LOC_STRINGS = NO;
				SWIFT_VERSION = 5.0;
				TARGETED_DEVICE_FAMILY = "1,2";
				TEST_HOST = "$(BUILT_PRODUCTS_DIR)/AfekaFinal.app/$(BUNDLE_EXECUTABLE_FOLDER_PATH)/AfekaFinal";
			};
			name = Release;
		};
		36B092602E2A6ADC00D7DD4C /* Debug */ = {
			isa = XCBuildConfiguration;
			buildSettings = {
				CODE_SIGN_STYLE = Automatic;
				CURRENT_PROJECT_VERSION = 1;
				GENERATE_INFOPLIST_FILE = YES;
				MARKETING_VERSION = 1.0;
				PRODUCT_BUNDLE_IDENTIFIER = com.test.proj.AfekaFinalUITests;
				PRODUCT_NAME = "$(TARGET_NAME)";
				SWIFT_EMIT_LOC_STRINGS = NO;
				SWIFT_VERSION = 5.0;
				TARGETED_DEVICE_FAMILY = "1,2";
				TEST_TARGET_NAME = AfekaFinal;
			};
			name = Debug;
		};
		36B092612E2A6ADC00D7DD4C /* Release */ = {
			isa = XCBuildConfiguration;
			buildSettings = {
				CODE_SIGN_STYLE = Automatic;
				CURRENT_PROJECT_VERSION = 1;
				GENERATE_INFOPLIST_FILE = YES;
				MARKETING_VERSION = 1.0;
				PRODUCT_BUNDLE_IDENTIFIER = com.test.proj.AfekaFinalUITests;
				PRODUCT_NAME = "$(TARGET_NAME)";
				SWIFT_EMIT_LOC_STRINGS = NO;
				SWIFT_VERSION = 5.0;
				TARGETED_DEVICE_FAMILY = "1,2";
				TEST_TARGET_NAME = AfekaFinal;
			};
			name = Release;
		};
/* End XCBuildConfiguration section */

/* Begin XCConfigurationList section */
		36B092302E2A6AD100D7DD4C /* Build configuration list for PBXProject "AfekaFinal" */ = {
			isa = XCConfigurationList;
			buildConfigurations = (
				36B092572E2A6ADC00D7DD4C /* Debug */,
				36B092582E2A6ADC00D7DD4C /* Release */,
			);
			defaultConfigurationIsVisible = 0;
			defaultConfigurationName = Release;
		};
		36B092592E2A6ADC00D7DD4C /* Build configuration list for PBXNativeTarget "AfekaFinal" */ = {
			isa = XCConfigurationList;
			buildConfigurations = (
				36B0925A2E2A6ADC00D7DD4C /* Debug */,
				36B0925B2E2A6ADC00D7DD4C /* Release */,
			);
			defaultConfigurationIsVisible = 0;
			defaultConfigurationName = Release;
		};
		36B0925C2E2A6ADC00D7DD4C /* Build configuration list for PBXNativeTarget "AfekaFinalTests" */ = {
			isa = XCConfigurationList;
			buildConfigurations = (
				36B0925D2E2A6ADC00D7DD4C /* Debug */,
				36B0925E2E2A6ADC00D7DD4C /* Release */,
			);
			defaultConfigurationIsVisible = 0;
			defaultConfigurationName = Release;
		};
		36B0925F2E2A6ADC00D7DD4C /* Build configuration list for PBXNativeTarget "AfekaFinalUITests" */ = {
			isa = XCConfigurationList;
			buildConfigurations = (
				36B092602E2A6ADC00D7DD4C /* Debug */,
				36B092612E2A6ADC00D7DD4C /* Release */,
			);
			defaultConfigurationIsVisible = 0;
			defaultConfigurationName = Release;
		};
/* End XCConfigurationList section */

/* Begin XCRemoteSwiftPackageReference section */
		36B092822E2A76D300D7DD4C /* XCRemoteSwiftPackageReference "firebase-ios-sdk" */ = {
			isa = XCRemoteSwiftPackageReference;
			repositoryURL = "https://github.com/firebase/firebase-ios-sdk";
			requirement = {
				kind = upToNextMajorVersion;
				minimumVersion = 12.0.0;
			};
		};
/* End XCRemoteSwiftPackageReference section */

/* Begin XCSwiftPackageProductDependency section */
		36B092832E2A777D00D7DD4C /* FirebaseAnalyticsCore */ = {
			isa = XCSwiftPackageProductDependency;
			package = 36B092822E2A76D300D7DD4C /* XCRemoteSwiftPackageReference "firebase-ios-sdk" */;
			productName = FirebaseAnalyticsCore;
		};
		36B092852E2A777D00D7DD4C /* FirebaseCore */ = {
			isa = XCSwiftPackageProductDependency;
			package = 36B092822E2A76D300D7DD4C /* XCRemoteSwiftPackageReference "firebase-ios-sdk" */;
			productName = FirebaseCore;
		};
		36B092872E2A777D00D7DD4C /* FirebaseDatabase */ = {
			isa = XCSwiftPackageProductDependency;
			package = 36B092822E2A76D300D7DD4C /* XCRemoteSwiftPackageReference "firebase-ios-sdk" */;
			productName = FirebaseDatabase;
		};
		36B092892E2A777D00D7DD4C /* FirebaseFirestore */ = {
			isa = XCSwiftPackageProductDependency;
			package = 36B092822E2A76D300D7DD4C /* XCRemoteSwiftPackageReference "firebase-ios-sdk" */;
			productName = FirebaseFirestore;
		};
		36B0928B2E2A777D00D7DD4C /* FirebaseStorage */ = {
			isa = XCSwiftPackageProductDependency;
			package = 36B092822E2A76D300D7DD4C /* XCRemoteSwiftPackageReference "firebase-ios-sdk" */;
			productName = FirebaseStorage;
		};
		36B0928D2E2A788100D7DD4C /* FirebaseAuth */ = {
			isa = XCSwiftPackageProductDependency;
			package = 36B092822E2A76D300D7DD4C /* XCRemoteSwiftPackageReference "firebase-ios-sdk" */;
			productName = FirebaseAuth;
		};
/* End XCSwiftPackageProductDependency section */
	};
	rootObject = 36B0922D2E2A6AD100D7DD4C /* Project object */;
}
